github.com/VirusTotal/vt-go v0.0.0-20201216104058-17a6ee4f94a6 h1:vU5zAInnmoHfV9P1LXLw1WyF7C8o3F71NZahO4ovXI4=
github.com/VirusTotal/vt-go v0.0.0-20201216104058-17a6ee4f94a6/go.mod h1:JYm6xWAu6hBrmIcmcEne7lmiE9PJ73kthTmrIpvGBu8=
github.com/likexian/gokit v0.23.3/go.mod h1:/asXq96N3H5gVxyfyNuQO7HFoSorzcU+ZMEImyBGZB8=
github.com/likexian/gokit v0.24.2/go.mod h1:/lFoAwJLyi1/4nftqgLUG0zzxilnidO1rUSAahSd8ME=
github.com/likexian/whois-go v1.7.3 h1:cOrs+i0KlC0FKEXgu+njoSbBzqDPCOsHaxGMOCAYgT4=
github.com/likexian/whois-go v1.7.3/go.mod h1:rGDz6W5lxn/ZSodwHMczkH+GTNMW/zFJ6OSKImv7QRk=
github.com/likexian/whois-parser-go v1.15.2/go.mod h1:zbLK4/FJW/zO2K5wZmHe+Fu6q5JygxJg+cQkYPA3nNI=
github.com/thedevsaddam/gojsonq v1.9.1 h1:zQulEP43nwmq5EKrNWyIgJVbqDeMdC1qzXM/f5O15a0=
github.com/thedevsaddam/gojsonq v2.3.0+incompatible h1:i2lFTvGY4LvoZ2VUzedsFlRiyaWcJm3Uh6cQ9+HyQA8=
github.com/thedevsaddam/gojsonq v2.3.0+incompatible/go.mod h1:RBcQaITThgJAAYKH7FNp2onYodRz8URfsuEGpAch0NA=
golang.org/x/crypto v0.0.0-20190308221718-c2843e01d9a2/go.mod h1:djNgcEr1/C05ACkg1iLfiJU5Ep61QUkGW8qpdssI0+w=
golang.org/x/crypto v0.0.0-20200622213623-75b288015ac9/go.mod h1:LzIPMQfyMNhhGPhUkYOs5KpL4U8rLKemX1yGLhDgUto=
golang.org/x/net v0.0.0-20190404232315-eb5bcb51f2a3/go.mod h1:t9HGtf8HONx5eT2rtn7q6eTqICYqUVnKs3thJo3Qplg=
golang.org/x/net v0.0.0-20200822124328-c89045814202/go.mod h1:/O7V0waA8r7cgGh81Ro3o1hOxt32SMVPicZroKQ2sZA=
golang.org/x/sys v0.0.0-20190215142949-d0b11bdaac8a/go.mod h1:STP8DvDyc/dI5b8T5hshtkjS+E42TnysNCUPdjciGhY=
golang.org/x/sys v0.0.0-20190412213103-97732733099d/go.mod h1:h1NjWce9XRLGQEsW7wpKNCjG9DtNlClVuFLEZdDNbEs=
golang.org/x/sys v0.0.0-20200323222414-85ca7c5b95cd/go.mod h1:h1NjWce9XRLGQEsW7wpKNCjG9DtNlClVuFLEZdDNbEs=
golang.org/x/text v0.3.0/go.mod h1:NqM8EUOU14njkJ3fqMW+pc6Ldnwhi/IjpwHt7yyuwOQ=
